
Microsoft Visual Studio Solution File, Format Version 12.00
# Visual Studio 15
VisualStudioVersion = 15.0.26124.0
MinimumVisualStudioVersion = 15.0.26124.0
Project("{FAE04EC0-301F-11D3-BF4B-00C04F79EFBC}") = "BinarySerializer", "BinarySerializer\BinarySerializer.csproj", "{8C8CCA44-4A53-48F7-9FB5-F665D6F89EF3}"
EndProject
Project("{FAE04EC0-301F-11D3-BF4B-00C04F79EFBC}") = "BinarySerializer.Test", "BinarySerializer.Test\BinarySerializer.Test.csproj", "{8CE7A2A5-D501-42A7-A153-C07C60CEDC7C}"
EndProject
Project("{2150E333-8FDC-42A3-9474-1A3956D46DE8}") = "Solution Items", "Solution Items", "{1F05252A-BD4D-4ED3-83FF-17E591090FC9}"
	ProjectSection(SolutionItems) = preProject
		README.md = README.md
	EndProjectSection
EndProject
Project("{2150E333-8FDC-42A3-9474-1A3956D46DE8}") = "Resources", "Resources", "{1C4495AD-C355-49D1-81D4-89307415C553}"
	ProjectSection(SolutionItems) = preProject
		BinarySerializer.Docs\bs.png = BinarySerializer.Docs\bs.png
		BinarySerializer.Docs\CollectionLengthBinding.png = BinarySerializer.Docs\CollectionLengthBinding.png
		BinarySerializer.Docs\CountBinding.png = BinarySerializer.Docs\CountBinding.png
		BinarySerializer.Docs\ItemLengthAndCountBinding.png = BinarySerializer.Docs\ItemLengthAndCountBinding.png
		BinarySerializer.Docs\ItemLengthBinding.png = BinarySerializer.Docs\ItemLengthBinding.png
		BinarySerializer.Docs\ItemUntil.png = BinarySerializer.Docs\ItemUntil.png
		BinarySerializer.Docs\LengthBinding.png = BinarySerializer.Docs\LengthBinding.png
		BinarySerializer.Docs\SubtypeBinding.png = BinarySerializer.Docs\SubtypeBinding.png
		BinarySerializer.Docs\Until.png = BinarySerializer.Docs\Until.png
		BinarySerializer.Docs\WhenBinding.png = BinarySerializer.Docs\WhenBinding.png
	EndProjectSection
EndProject
Project("{FAE04EC0-301F-11D3-BF4B-00C04F79EFBC}") = "BinarySerializer.Performance", "BinarySerializer.Performance\BinarySerializer.Performance.csproj", "{82107D95-FCA4-4F78-B312-EBB9E1E1DF06}"
EndProject
Global
	GlobalSection(SolutionConfigurationPlatforms) = preSolution
		Debug|Any CPU = Debug|Any CPU
		Debug|x64 = Debug|x64
		Debug|x86 = Debug|x86
		Release|Any CPU = Release|Any CPU
		Release|x64 = Release|x64
		Release|x86 = Release|x86
	EndGlobalSection
	GlobalSection(SolutionProperties) = preSolution
		HideSolutionNode = FALSE
	EndGlobalSection
	GlobalSection(ProjectConfigurationPlatforms) = postSolution
		{8C8CCA44-4A53-48F7-9FB5-F665D6F89EF3}.Debug|Any CPU.ActiveCfg = Debug|Any CPU
		{8C8CCA44-4A53-48F7-9FB5-F665D6F89EF3}.Debug|Any CPU.Build.0 = Debug|Any CPU
		{8C8CCA44-4A53-48F7-9FB5-F665D6F89EF3}.Debug|x64.ActiveCfg = Debug|Any CPU
		{8C8CCA44-4A53-48F7-9FB5-F665D6F89EF3}.Debug|x64.Build.0 = Debug|Any CPU
		{8C8CCA44-4A53-48F7-9FB5-F665D6F89EF3}.Debug|x86.ActiveCfg = Debug|Any CPU
		{8C8CCA44-4A53-48F7-9FB5-F665D6F89EF3}.Debug|x86.Build.0 = Debug|Any CPU
		{8C8CCA44-4A53-48F7-9FB5-F665D6F89EF3}.Release|Any CPU.ActiveCfg = Release|Any CPU
		{8C8CCA44-4A53-48F7-9FB5-F665D6F89EF3}.Release|Any CPU.Build.0 = Release|Any CPU
		{8C8CCA44-4A53-48F7-9FB5-F665D6F89EF3}.Release|x64.ActiveCfg = Release|Any CPU
		{8C8CCA44-4A53-48F7-9FB5-F665D6F89EF3}.Release|x64.Build.0 = Release|Any CPU
		{8C8CCA44-4A53-48F7-9FB5-F665D6F89EF3}.Release|x86.ActiveCfg = Release|Any CPU
		{8C8CCA44-4A53-48F7-9FB5-F665D6F89EF3}.Release|x86.Build.0 = Release|Any CPU
		{8CE7A2A5-D501-42A7-A153-C07C60CEDC7C}.Debug|Any CPU.ActiveCfg = Debug|Any CPU
		{8CE7A2A5-D501-42A7-A153-C07C60CEDC7C}.Debug|Any CPU.Build.0 = Debug|Any CPU
		{8CE7A2A5-D501-42A7-A153-C07C60CEDC7C}.Debug|x64.ActiveCfg = Debug|Any CPU
		{8CE7A2A5-D501-42A7-A153-C07C60CEDC7C}.Debug|x64.Build.0 = Debug|Any CPU
		{8CE7A2A5-D501-42A7-A153-C07C60CEDC7C}.Debug|x86.ActiveCfg = Debug|Any CPU
		{8CE7A2A5-D501-42A7-A153-C07C60CEDC7C}.Debug|x86.Build.0 = Debug|Any CPU
		{8CE7A2A5-D501-42A7-A153-C07C60CEDC7C}.Release|Any CPU.ActiveCfg = Release|Any CPU
		{8CE7A2A5-D501-42A7-A153-C07C60CEDC7C}.Release|Any CPU.Build.0 = Release|Any CPU
		{8CE7A2A5-D501-42A7-A153-C07C60CEDC7C}.Release|x64.ActiveCfg = Release|Any CPU
		{8CE7A2A5-D501-42A7-A153-C07C60CEDC7C}.Release|x64.Build.0 = Release|Any CPU
		{8CE7A2A5-D501-42A7-A153-C07C60CEDC7C}.Release|x86.ActiveCfg = Release|Any CPU
		{8CE7A2A5-D501-42A7-A153-C07C60CEDC7C}.Release|x86.Build.0 = Release|Any CPU
		{82107D95-FCA4-4F78-B312-EBB9E1E1DF06}.Debug|Any CPU.ActiveCfg = Debug|Any CPU
		{82107D95-FCA4-4F78-B312-EBB9E1E1DF06}.Debug|Any CPU.Build.0 = Debug|Any CPU
		{82107D95-FCA4-4F78-B312-EBB9E1E1DF06}.Debug|x64.ActiveCfg = Debug|Any CPU
		{82107D95-FCA4-4F78-B312-EBB9E1E1DF06}.Debug|x64.Build.0 = Debug|Any CPU
		{82107D95-FCA4-4F78-B312-EBB9E1E1DF06}.Debug|x86.ActiveCfg = Debug|Any CPU
		{82107D95-FCA4-4F78-B312-EBB9E1E1DF06}.Debug|x86.Build.0 = Debug|Any CPU
		{82107D95-FCA4-4F78-B312-EBB9E1E1DF06}.Release|Any CPU.ActiveCfg = Release|Any CPU
		{82107D95-FCA4-4F78-B312-EBB9E1E1DF06}.Release|Any CPU.Build.0 = Release|Any CPU
		{82107D95-FCA4-4F78-B312-EBB9E1E1DF06}.Release|x64.ActiveCfg = Release|Any CPU
		{82107D95-FCA4-4F78-B312-EBB9E1E1DF06}.Release|x64.Build.0 = Release|Any CPU
		{82107D95-FCA4-4F78-B312-EBB9E1E1DF06}.Release|x86.ActiveCfg = Release|Any CPU
		{82107D95-FCA4-4F78-B312-EBB9E1E1DF06}.Release|x86.Build.0 = Release|Any CPU
	EndGlobalSection
	GlobalSection(MonoDevelopProperties) = preSolution
		Policies = $0
		$0.DotNetNamingPolicy = $1
		$1.DirectoryNamespaceAssociation = PrefixedHierarchical
		$0.TextStylePolicy = $2
		$2.inheritsSet = null
		$2.scope = text/x-csharp
		$0.CSharpFormattingPolicy = $3
		$3.scope = text/x-csharp
	EndGlobalSection
EndGlobal
