
Microsoft Visual Studio Solution File, Format Version 12.00
# Visual Studio 14
VisualStudioVersion = 14.0.25420.1
MinimumVisualStudioVersion = 10.0.40219.1
Project("{8BB2217D-0F2D-49D1-97BC-3654ED321F3B}") = "BinarySerializer", "src\BinarySerializer\BinarySerializer.xproj", "{E50036AC-7273-44A8-93B8-13E634F0A10F}"
EndProject
Project("{8BB2217D-0F2D-49D1-97BC-3654ED321F3B}") = "BinarySerializer.Tests", "test\BinarySerializer.Tests\BinarySerializer.Tests.xproj", "{E64B4CB1-89D0-41D9-BCC2-51B88C3804B0}"
EndProject
Global
	GlobalSection(SolutionConfigurationPlatforms) = preSolution
		Debug|Any CPU = Debug|Any CPU
		Release|Any CPU = Release|Any CPU
	EndGlobalSection
	GlobalSection(ProjectConfigurationPlatforms) = postSolution
		{E50036AC-7273-44A8-93B8-13E634F0A10F}.Debug|Any CPU.ActiveCfg = Debug|Any CPU
		{E50036AC-7273-44A8-93B8-13E634F0A10F}.Debug|Any CPU.Build.0 = Debug|Any CPU
		{E50036AC-7273-44A8-93B8-13E634F0A10F}.Release|Any CPU.ActiveCfg = Release|Any CPU
		{E50036AC-7273-44A8-93B8-13E634F0A10F}.Release|Any CPU.Build.0 = Release|Any CPU
		{E64B4CB1-89D0-41D9-BCC2-51B88C3804B0}.Debug|Any CPU.ActiveCfg = Debug|Any CPU
		{E64B4CB1-89D0-41D9-BCC2-51B88C3804B0}.Debug|Any CPU.Build.0 = Debug|Any CPU
		{E64B4CB1-89D0-41D9-BCC2-51B88C3804B0}.Release|Any CPU.ActiveCfg = Release|Any CPU
		{E64B4CB1-89D0-41D9-BCC2-51B88C3804B0}.Release|Any CPU.Build.0 = Release|Any CPU
	EndGlobalSection
	GlobalSection(SolutionProperties) = preSolution
		HideSolutionNode = FALSE
	EndGlobalSection
EndGlobal
