
Microsoft Visual Studio Solution File, Format Version 12.00
# Visual Studio 14
VisualStudioVersion = 14.0.24720.0
MinimumVisualStudioVersion = 10.0.40219.1
Project("{FAE04EC0-301F-11D3-BF4B-00C04F79EFBC}") = "BinarySerializer", "BinarySerializer\BinarySerializer.csproj", "{DD5DAC31-3CA0-4B79-8340-BDD68724A697}"
EndProject
Project("{FAE04EC0-301F-11D3-BF4B-00C04F79EFBC}") = "BinarySerializer.Test", "BinarySerializer.Test\BinarySerializer.Test.csproj", "{E6AC3910-60FE-4941-BF6B-FA8279927EC2}"
EndProject
Project("{FAE04EC0-301F-11D3-BF4B-00C04F79EFBC}") = "BinarySerializer.Performance", "BinarySerializer.Performance\BinarySerializer.Performance.csproj", "{FBCBC34A-AB8C-4603-BD4A-D6B1B387AA46}"
EndProject
Project("{2150E333-8FDC-42A3-9474-1A3956D46DE8}") = "Solution Items", "Solution Items", "{1F05252A-BD4D-4ED3-83FF-17E591090FC9}"
	ProjectSection(SolutionItems) = preProject
		BinarySerializer.Unified\global.json = BinarySerializer.Unified\global.json
		README.md = README.md
	EndProjectSection
EndProject
Project("{2150E333-8FDC-42A3-9474-1A3956D46DE8}") = "Resources", "Resources", "{1C4495AD-C355-49D1-81D4-89307415C553}"
	ProjectSection(SolutionItems) = preProject
		BinarySerializer.Docs\CollectionLengthBinding.png = BinarySerializer.Docs\CollectionLengthBinding.png
		BinarySerializer.Docs\CountBinding.png = BinarySerializer.Docs\CountBinding.png
		BinarySerializer.Docs\ItemLengthAndCountBinding.png = BinarySerializer.Docs\ItemLengthAndCountBinding.png
		BinarySerializer.Docs\ItemLengthBinding.png = BinarySerializer.Docs\ItemLengthBinding.png
		BinarySerializer.Docs\ItemUntil.png = BinarySerializer.Docs\ItemUntil.png
		BinarySerializer.Docs\LengthBinding.png = BinarySerializer.Docs\LengthBinding.png
		BinarySerializer.Docs\SubtypeBinding.png = BinarySerializer.Docs\SubtypeBinding.png
		BinarySerializer.Docs\Until.png = BinarySerializer.Docs\Until.png
		BinarySerializer.Docs\WhenBinding.png = BinarySerializer.Docs\WhenBinding.png
	EndProjectSection
EndProject
Project("{8BB2217D-0F2D-49D1-97BC-3654ED321F3B}") = "BinarySerializer.Dotnet", "BinarySerializer.Dotnet\BinarySerializer.Dotnet.xproj", "{C1E4C960-0B83-47A5-A385-D404D29739B1}"
EndProject
Project("{FAE04EC0-301F-11D3-BF4B-00C04F79EFBC}") = "BinarySerializer.UniversalApp", "BinarySerializer.UniversalApp\BinarySerializer.UniversalApp.csproj", "{9FF37B60-13B5-4C91-9D69-7487D9E84912}"
EndProject
Global
	GlobalSection(SolutionConfigurationPlatforms) = preSolution
		Debug|Any CPU = Debug|Any CPU
		Debug|ARM = Debug|ARM
		Debug|Mixed Platforms = Debug|Mixed Platforms
		Debug|x64 = Debug|x64
		Debug|x86 = Debug|x86
		Release|Any CPU = Release|Any CPU
		Release|ARM = Release|ARM
		Release|Mixed Platforms = Release|Mixed Platforms
		Release|x64 = Release|x64
		Release|x86 = Release|x86
	EndGlobalSection
	GlobalSection(ProjectConfigurationPlatforms) = postSolution
		{DD5DAC31-3CA0-4B79-8340-BDD68724A697}.Debug|Any CPU.ActiveCfg = Debug|Any CPU
		{DD5DAC31-3CA0-4B79-8340-BDD68724A697}.Debug|Any CPU.Build.0 = Debug|Any CPU
		{DD5DAC31-3CA0-4B79-8340-BDD68724A697}.Debug|ARM.ActiveCfg = Debug|Any CPU
		{DD5DAC31-3CA0-4B79-8340-BDD68724A697}.Debug|Mixed Platforms.ActiveCfg = Debug|Any CPU
		{DD5DAC31-3CA0-4B79-8340-BDD68724A697}.Debug|Mixed Platforms.Build.0 = Debug|Any CPU
		{DD5DAC31-3CA0-4B79-8340-BDD68724A697}.Debug|x64.ActiveCfg = Debug|Any CPU
		{DD5DAC31-3CA0-4B79-8340-BDD68724A697}.Debug|x64.Build.0 = Debug|Any CPU
		{DD5DAC31-3CA0-4B79-8340-BDD68724A697}.Debug|x86.ActiveCfg = Debug|Any CPU
		{DD5DAC31-3CA0-4B79-8340-BDD68724A697}.Release|Any CPU.ActiveCfg = Release|Any CPU
		{DD5DAC31-3CA0-4B79-8340-BDD68724A697}.Release|Any CPU.Build.0 = Release|Any CPU
		{DD5DAC31-3CA0-4B79-8340-BDD68724A697}.Release|ARM.ActiveCfg = Release|Any CPU
		{DD5DAC31-3CA0-4B79-8340-BDD68724A697}.Release|Mixed Platforms.ActiveCfg = Release|Any CPU
		{DD5DAC31-3CA0-4B79-8340-BDD68724A697}.Release|Mixed Platforms.Build.0 = Release|Any CPU
		{DD5DAC31-3CA0-4B79-8340-BDD68724A697}.Release|x64.ActiveCfg = Release|Any CPU
		{DD5DAC31-3CA0-4B79-8340-BDD68724A697}.Release|x64.Build.0 = Release|Any CPU
		{DD5DAC31-3CA0-4B79-8340-BDD68724A697}.Release|x86.ActiveCfg = Release|Any CPU
		{E6AC3910-60FE-4941-BF6B-FA8279927EC2}.Debug|Any CPU.ActiveCfg = Debug|Any CPU
		{E6AC3910-60FE-4941-BF6B-FA8279927EC2}.Debug|Any CPU.Build.0 = Debug|Any CPU
		{E6AC3910-60FE-4941-BF6B-FA8279927EC2}.Debug|ARM.ActiveCfg = Debug|Any CPU
		{E6AC3910-60FE-4941-BF6B-FA8279927EC2}.Debug|Mixed Platforms.ActiveCfg = Debug|Any CPU
		{E6AC3910-60FE-4941-BF6B-FA8279927EC2}.Debug|Mixed Platforms.Build.0 = Debug|Any CPU
		{E6AC3910-60FE-4941-BF6B-FA8279927EC2}.Debug|x64.ActiveCfg = Debug|Any CPU
		{E6AC3910-60FE-4941-BF6B-FA8279927EC2}.Debug|x64.Build.0 = Debug|Any CPU
		{E6AC3910-60FE-4941-BF6B-FA8279927EC2}.Debug|x86.ActiveCfg = Debug|Any CPU
		{E6AC3910-60FE-4941-BF6B-FA8279927EC2}.Release|Any CPU.ActiveCfg = Release|Any CPU
		{E6AC3910-60FE-4941-BF6B-FA8279927EC2}.Release|Any CPU.Build.0 = Release|Any CPU
		{E6AC3910-60FE-4941-BF6B-FA8279927EC2}.Release|ARM.ActiveCfg = Release|Any CPU
		{E6AC3910-60FE-4941-BF6B-FA8279927EC2}.Release|Mixed Platforms.ActiveCfg = Release|Any CPU
		{E6AC3910-60FE-4941-BF6B-FA8279927EC2}.Release|Mixed Platforms.Build.0 = Release|Any CPU
		{E6AC3910-60FE-4941-BF6B-FA8279927EC2}.Release|x64.ActiveCfg = Release|Any CPU
		{E6AC3910-60FE-4941-BF6B-FA8279927EC2}.Release|x64.Build.0 = Release|Any CPU
		{E6AC3910-60FE-4941-BF6B-FA8279927EC2}.Release|x86.ActiveCfg = Release|Any CPU
		{FBCBC34A-AB8C-4603-BD4A-D6B1B387AA46}.Debug|Any CPU.ActiveCfg = Debug|Any CPU
		{FBCBC34A-AB8C-4603-BD4A-D6B1B387AA46}.Debug|Any CPU.Build.0 = Debug|Any CPU
		{FBCBC34A-AB8C-4603-BD4A-D6B1B387AA46}.Debug|ARM.ActiveCfg = Debug|Any CPU
		{FBCBC34A-AB8C-4603-BD4A-D6B1B387AA46}.Debug|Mixed Platforms.ActiveCfg = Debug|Any CPU
		{FBCBC34A-AB8C-4603-BD4A-D6B1B387AA46}.Debug|Mixed Platforms.Build.0 = Debug|Any CPU
		{FBCBC34A-AB8C-4603-BD4A-D6B1B387AA46}.Debug|x64.ActiveCfg = Debug|Any CPU
		{FBCBC34A-AB8C-4603-BD4A-D6B1B387AA46}.Debug|x64.Build.0 = Debug|Any CPU
		{FBCBC34A-AB8C-4603-BD4A-D6B1B387AA46}.Debug|x86.ActiveCfg = Debug|Any CPU
		{FBCBC34A-AB8C-4603-BD4A-D6B1B387AA46}.Release|Any CPU.ActiveCfg = Release|Any CPU
		{FBCBC34A-AB8C-4603-BD4A-D6B1B387AA46}.Release|Any CPU.Build.0 = Release|Any CPU
		{FBCBC34A-AB8C-4603-BD4A-D6B1B387AA46}.Release|ARM.ActiveCfg = Release|Any CPU
		{FBCBC34A-AB8C-4603-BD4A-D6B1B387AA46}.Release|Mixed Platforms.ActiveCfg = Release|Any CPU
		{FBCBC34A-AB8C-4603-BD4A-D6B1B387AA46}.Release|Mixed Platforms.Build.0 = Release|Any CPU
		{FBCBC34A-AB8C-4603-BD4A-D6B1B387AA46}.Release|x64.ActiveCfg = Release|Any CPU
		{FBCBC34A-AB8C-4603-BD4A-D6B1B387AA46}.Release|x64.Build.0 = Release|Any CPU
		{FBCBC34A-AB8C-4603-BD4A-D6B1B387AA46}.Release|x86.ActiveCfg = Release|Any CPU
		{C1E4C960-0B83-47A5-A385-D404D29739B1}.Debug|Any CPU.ActiveCfg = Debug|Any CPU
		{C1E4C960-0B83-47A5-A385-D404D29739B1}.Debug|Any CPU.Build.0 = Debug|Any CPU
		{C1E4C960-0B83-47A5-A385-D404D29739B1}.Debug|ARM.ActiveCfg = Debug|Any CPU
		{C1E4C960-0B83-47A5-A385-D404D29739B1}.Debug|ARM.Build.0 = Debug|Any CPU
		{C1E4C960-0B83-47A5-A385-D404D29739B1}.Debug|Mixed Platforms.ActiveCfg = Debug|Any CPU
		{C1E4C960-0B83-47A5-A385-D404D29739B1}.Debug|Mixed Platforms.Build.0 = Debug|Any CPU
		{C1E4C960-0B83-47A5-A385-D404D29739B1}.Debug|x64.ActiveCfg = Debug|Any CPU
		{C1E4C960-0B83-47A5-A385-D404D29739B1}.Debug|x64.Build.0 = Debug|Any CPU
		{C1E4C960-0B83-47A5-A385-D404D29739B1}.Debug|x86.ActiveCfg = Debug|Any CPU
		{C1E4C960-0B83-47A5-A385-D404D29739B1}.Debug|x86.Build.0 = Debug|Any CPU
		{C1E4C960-0B83-47A5-A385-D404D29739B1}.Release|Any CPU.ActiveCfg = Release|Any CPU
		{C1E4C960-0B83-47A5-A385-D404D29739B1}.Release|Any CPU.Build.0 = Release|Any CPU
		{C1E4C960-0B83-47A5-A385-D404D29739B1}.Release|ARM.ActiveCfg = Release|Any CPU
		{C1E4C960-0B83-47A5-A385-D404D29739B1}.Release|ARM.Build.0 = Release|Any CPU
		{C1E4C960-0B83-47A5-A385-D404D29739B1}.Release|Mixed Platforms.ActiveCfg = Release|Any CPU
		{C1E4C960-0B83-47A5-A385-D404D29739B1}.Release|Mixed Platforms.Build.0 = Release|Any CPU
		{C1E4C960-0B83-47A5-A385-D404D29739B1}.Release|x64.ActiveCfg = Release|Any CPU
		{C1E4C960-0B83-47A5-A385-D404D29739B1}.Release|x64.Build.0 = Release|Any CPU
		{C1E4C960-0B83-47A5-A385-D404D29739B1}.Release|x86.ActiveCfg = Release|Any CPU
		{C1E4C960-0B83-47A5-A385-D404D29739B1}.Release|x86.Build.0 = Release|Any CPU
		{9FF37B60-13B5-4C91-9D69-7487D9E84912}.Debug|Any CPU.ActiveCfg = Debug|x86
		{9FF37B60-13B5-4C91-9D69-7487D9E84912}.Debug|ARM.ActiveCfg = Debug|ARM
		{9FF37B60-13B5-4C91-9D69-7487D9E84912}.Debug|ARM.Build.0 = Debug|ARM
		{9FF37B60-13B5-4C91-9D69-7487D9E84912}.Debug|ARM.Deploy.0 = Debug|ARM
		{9FF37B60-13B5-4C91-9D69-7487D9E84912}.Debug|Mixed Platforms.ActiveCfg = Debug|x86
		{9FF37B60-13B5-4C91-9D69-7487D9E84912}.Debug|Mixed Platforms.Build.0 = Debug|x86
		{9FF37B60-13B5-4C91-9D69-7487D9E84912}.Debug|Mixed Platforms.Deploy.0 = Debug|x86
		{9FF37B60-13B5-4C91-9D69-7487D9E84912}.Debug|x64.ActiveCfg = Debug|x64
		{9FF37B60-13B5-4C91-9D69-7487D9E84912}.Debug|x64.Build.0 = Debug|x64
		{9FF37B60-13B5-4C91-9D69-7487D9E84912}.Debug|x64.Deploy.0 = Debug|x64
		{9FF37B60-13B5-4C91-9D69-7487D9E84912}.Debug|x86.ActiveCfg = Debug|x86
		{9FF37B60-13B5-4C91-9D69-7487D9E84912}.Debug|x86.Build.0 = Debug|x86
		{9FF37B60-13B5-4C91-9D69-7487D9E84912}.Debug|x86.Deploy.0 = Debug|x86
		{9FF37B60-13B5-4C91-9D69-7487D9E84912}.Release|Any CPU.ActiveCfg = Release|x86
		{9FF37B60-13B5-4C91-9D69-7487D9E84912}.Release|ARM.ActiveCfg = Release|ARM
		{9FF37B60-13B5-4C91-9D69-7487D9E84912}.Release|ARM.Build.0 = Release|ARM
		{9FF37B60-13B5-4C91-9D69-7487D9E84912}.Release|ARM.Deploy.0 = Release|ARM
		{9FF37B60-13B5-4C91-9D69-7487D9E84912}.Release|Mixed Platforms.ActiveCfg = Release|x86
		{9FF37B60-13B5-4C91-9D69-7487D9E84912}.Release|Mixed Platforms.Build.0 = Release|x86
		{9FF37B60-13B5-4C91-9D69-7487D9E84912}.Release|Mixed Platforms.Deploy.0 = Release|x86
		{9FF37B60-13B5-4C91-9D69-7487D9E84912}.Release|x64.ActiveCfg = Release|x64
		{9FF37B60-13B5-4C91-9D69-7487D9E84912}.Release|x64.Build.0 = Release|x64
		{9FF37B60-13B5-4C91-9D69-7487D9E84912}.Release|x64.Deploy.0 = Release|x64
		{9FF37B60-13B5-4C91-9D69-7487D9E84912}.Release|x86.ActiveCfg = Release|x86
		{9FF37B60-13B5-4C91-9D69-7487D9E84912}.Release|x86.Build.0 = Release|x86
		{9FF37B60-13B5-4C91-9D69-7487D9E84912}.Release|x86.Deploy.0 = Release|x86
	EndGlobalSection
	GlobalSection(SolutionProperties) = preSolution
		HideSolutionNode = FALSE
	EndGlobalSection
	GlobalSection(NestedProjects) = preSolution
		{1C4495AD-C355-49D1-81D4-89307415C553} = {1F05252A-BD4D-4ED3-83FF-17E591090FC9}
	EndGlobalSection
EndGlobal
